
Microsoft Visual Studio Solution File, Format Version 12.00
# Visual Studio Version 17
VisualStudioVersion = 17.2.32630.192
MinimumVisualStudioVersion = 10.0.40219.1
Project("{FAE04EC0-301F-11D3-BF4B-00C04F79EFBC}") = "Windows Components Tester", "Windows Components Tester\Windows Components Tester.csproj", "{7CCE283E-45FC-4CB8-823E-7F3A8894342C}"
EndProject
Global
	GlobalSection(SolutionConfigurationPlatforms) = preSolution
		Debug|Any CPU = Debug|Any CPU
		Release|Any CPU = Release|Any CPU
	EndGlobalSection
	GlobalSection(ProjectConfigurationPlatforms) = postSolution
		{7CCE283E-45FC-4CB8-823E-7F3A8894342C}.Debug|Any CPU.ActiveCfg = Debug|Any CPU
		{7CCE283E-45FC-4CB8-823E-7F3A8894342C}.Debug|Any CPU.Build.0 = Debug|Any CPU
		{7CCE283E-45FC-4CB8-823E-7F3A8894342C}.Release|Any CPU.ActiveCfg = Release|Any CPU
		{7CCE283E-45FC-4CB8-823E-7F3A8894342C}.Release|Any CPU.Build.0 = Release|Any CPU
	EndGlobalSection
	GlobalSection(SolutionProperties) = preSolution
		HideSolutionNode = FALSE
	EndGlobalSection
	GlobalSection(ExtensibilityGlobals) = postSolution
		SolutionGuid = {2C60CCFD-C970-4D63-ACF8-F8CC44FBB0DE}
	EndGlobalSection
EndGlobal
